// !$*UTF8*$!
{
	archiveVersion = 1;
	classes = {
	};
	objectVersion = 50;
	objects = {

/* Begin PBXBuildFile section */
		A4395AA820867569008FCA27 /* Error.swift in Sources */ = {isa = PBXBuildFile; fileRef = A4395AA520867569008FCA27 /* Error.swift */; };
		A4395AA920867569008FCA27 /* Deprecator.swift in Sources */ = {isa = PBXBuildFile; fileRef = A4395AA620867569008FCA27 /* Deprecator.swift */; };
		A4395AAA20867569008FCA27 /* Deprecation.swift in Sources */ = {isa = PBXBuildFile; fileRef = A4395AA720867569008FCA27 /* Deprecation.swift */; };
		A4395AAD20875041008FCA27 /* Deprecations.swift in Sources */ = {isa = PBXBuildFile; fileRef = A4395AAC20875041008FCA27 /* Deprecations.swift */; };
		A4395AAF2087519B008FCA27 /* LanguageStrings.swift in Sources */ = {isa = PBXBuildFile; fileRef = A4395AAE2087519B008FCA27 /* LanguageStrings.swift */; };
		A4395AB4208772F8008FCA27 /* example1.json in Resources */ = {isa = PBXBuildFile; fileRef = A4395AB3208772F8008FCA27 /* example1.json */; };
		A4395AB7208775DE008FCA27 /* MockSession.swift in Sources */ = {isa = PBXBuildFile; fileRef = A4395AB6208775DE008FCA27 /* MockSession.swift */; };
		A4395ABB20877748008FCA27 /* XCTestCase+Extensions.swift in Sources */ = {isa = PBXBuildFile; fileRef = A4395AB920877748008FCA27 /* XCTestCase+Extensions.swift */; };
		A4395ABC20877748008FCA27 /* XCTest+Helpers.swift in Sources */ = {isa = PBXBuildFile; fileRef = A4395ABA20877748008FCA27 /* XCTest+Helpers.swift */; };
		A4FB691A2086718200E31339 /* Deprecator.framework in Frameworks */ = {isa = PBXBuildFile; fileRef = A4FB69102086718200E31339 /* Deprecator.framework */; };
		A4FB691F2086718200E31339 /* DeprecatorTests.swift in Sources */ = {isa = PBXBuildFile; fileRef = A4FB691E2086718200E31339 /* DeprecatorTests.swift */; };
		A4FB69212086718200E31339 /* Deprecator.h in Headers */ = {isa = PBXBuildFile; fileRef = A4FB69132086718200E31339 /* Deprecator.h */; settings = {ATTRIBUTES = (Public, ); }; };
/* End PBXBuildFile section */

/* Begin PBXContainerItemProxy section */
		A4FB691B2086718200E31339 /* PBXContainerItemProxy */ = {
			isa = PBXContainerItemProxy;
			containerPortal = A4FB69072086718200E31339 /* Project object */;
			proxyType = 1;
			remoteGlobalIDString = A4FB690F2086718200E31339;
			remoteInfo = Deprecator;
		};
/* End PBXContainerItemProxy section */

/* Begin PBXFileReference section */
		A4395AA520867569008FCA27 /* Error.swift */ = {isa = PBXFileReference; fileEncoding = 4; lastKnownFileType = sourcecode.swift; path = Error.swift; sourceTree = "<group>"; };
		A4395AA620867569008FCA27 /* Deprecator.swift */ = {isa = PBXFileReference; fileEncoding = 4; lastKnownFileType = sourcecode.swift; path = Deprecator.swift; sourceTree = "<group>"; };
		A4395AA720867569008FCA27 /* Deprecation.swift */ = {isa = PBXFileReference; fileEncoding = 4; lastKnownFileType = sourcecode.swift; path = Deprecation.swift; sourceTree = "<group>"; };
		A4395AAC20875041008FCA27 /* Deprecations.swift */ = {isa = PBXFileReference; lastKnownFileType = sourcecode.swift; path = Deprecations.swift; sourceTree = "<group>"; };
		A4395AAE2087519B008FCA27 /* LanguageStrings.swift */ = {isa = PBXFileReference; lastKnownFileType = sourcecode.swift; path = LanguageStrings.swift; sourceTree = "<group>"; };
		A4395AB3208772F8008FCA27 /* example1.json */ = {isa = PBXFileReference; lastKnownFileType = text.json; path = example1.json; sourceTree = "<group>"; };
		A4395AB6208775DE008FCA27 /* MockSession.swift */ = {isa = PBXFileReference; fileEncoding = 4; lastKnownFileType = sourcecode.swift; path = MockSession.swift; sourceTree = "<group>"; };
		A4395AB920877748008FCA27 /* XCTestCase+Extensions.swift */ = {isa = PBXFileReference; fileEncoding = 4; lastKnownFileType = sourcecode.swift; path = "XCTestCase+Extensions.swift"; sourceTree = "<group>"; };
		A4395ABA20877748008FCA27 /* XCTest+Helpers.swift */ = {isa = PBXFileReference; fileEncoding = 4; lastKnownFileType = sourcecode.swift; path = "XCTest+Helpers.swift"; sourceTree = "<group>"; };
		A4FB69102086718200E31339 /* Deprecator.framework */ = {isa = PBXFileReference; explicitFileType = wrapper.framework; includeInIndex = 0; path = Deprecator.framework; sourceTree = BUILT_PRODUCTS_DIR; };
		A4FB69132086718200E31339 /* Deprecator.h */ = {isa = PBXFileReference; lastKnownFileType = sourcecode.c.h; path = Deprecator.h; sourceTree = "<group>"; };
		A4FB69142086718200E31339 /* Info.plist */ = {isa = PBXFileReference; lastKnownFileType = text.plist.xml; path = Info.plist; sourceTree = "<group>"; };
		A4FB69192086718200E31339 /* DeprecatorTests.xctest */ = {isa = PBXFileReference; explicitFileType = wrapper.cfbundle; includeInIndex = 0; path = DeprecatorTests.xctest; sourceTree = BUILT_PRODUCTS_DIR; };
		A4FB691E2086718200E31339 /* DeprecatorTests.swift */ = {isa = PBXFileReference; lastKnownFileType = sourcecode.swift; path = DeprecatorTests.swift; sourceTree = "<group>"; };
		A4FB69202086718200E31339 /* Info.plist */ = {isa = PBXFileReference; lastKnownFileType = text.plist.xml; path = Info.plist; sourceTree = "<group>"; };
/* End PBXFileReference section */

/* Begin PBXFrameworksBuildPhase section */
		A4FB690C2086718200E31339 /* Frameworks */ = {
			isa = PBXFrameworksBuildPhase;
			buildActionMask = 2147483647;
			files = (
			);
			runOnlyForDeploymentPostprocessing = 0;
		};
		A4FB69162086718200E31339 /* Frameworks */ = {
			isa = PBXFrameworksBuildPhase;
			buildActionMask = 2147483647;
			files = (
				A4FB691A2086718200E31339 /* Deprecator.framework in Frameworks */,
			);
			runOnlyForDeploymentPostprocessing = 0;
		};
/* End PBXFrameworksBuildPhase section */

/* Begin PBXGroup section */
		A4395AA020867281008FCA27 /* Source */ = {
			isa = PBXGroup;
			children = (
				A4395AA620867569008FCA27 /* Deprecator.swift */,
				A4395AAB20875028008FCA27 /* Models */,
			);
			path = Source;
			sourceTree = "<group>";
		};
		A4395AA120867287008FCA27 /* Supporting Files */ = {
			isa = PBXGroup;
			children = (
				A4FB69132086718200E31339 /* Deprecator.h */,
				A4FB69142086718200E31339 /* Info.plist */,
			);
			path = "Supporting Files";
			sourceTree = "<group>";
		};
		A4395AA2208672A9008FCA27 /* Source */ = {
			isa = PBXGroup;
			children = (
				A4395AA4208672CA008FCA27 /* Tests */,
				A4395AB5208775D4008FCA27 /* Utilities */,
				A4395AB820877737008FCA27 /* Extensions */,
			);
			path = Source;
			sourceTree = "<group>";
		};
		A4395AA3208672AD008FCA27 /* Supporting Files */ = {
			isa = PBXGroup;
			children = (
				A4395AB220877186008FCA27 /* Resources */,
				A4FB69202086718200E31339 /* Info.plist */,
			);
			path = "Supporting Files";
			sourceTree = "<group>";
		};
		A4395AA4208672CA008FCA27 /* Tests */ = {
			isa = PBXGroup;
			children = (
				A4FB691E2086718200E31339 /* DeprecatorTests.swift */,
			);
			path = Tests;
			sourceTree = "<group>";
		};
		A4395AAB20875028008FCA27 /* Models */ = {
			isa = PBXGroup;
			children = (
				A4395AAC20875041008FCA27 /* Deprecations.swift */,
				A4395AA720867569008FCA27 /* Deprecation.swift */,
				A4395AAE2087519B008FCA27 /* LanguageStrings.swift */,
				A4395AA520867569008FCA27 /* Error.swift */,
			);
			path = Models;
			sourceTree = "<group>";
		};
		A4395AB220877186008FCA27 /* Resources */ = {
			isa = PBXGroup;
			children = (
				A4395AB3208772F8008FCA27 /* example1.json */,
			);
			path = Resources;
			sourceTree = "<group>";
		};
		A4395AB5208775D4008FCA27 /* Utilities */ = {
			isa = PBXGroup;
			children = (
				A4395AB6208775DE008FCA27 /* MockSession.swift */,
			);
			path = Utilities;
			sourceTree = "<group>";
		};
		A4395AB820877737008FCA27 /* Extensions */ = {
			isa = PBXGroup;
			children = (
				A4395ABA20877748008FCA27 /* XCTest+Helpers.swift */,
				A4395AB920877748008FCA27 /* XCTestCase+Extensions.swift */,
			);
			path = Extensions;
			sourceTree = "<group>";
		};
		A4FB69062086718200E31339 = {
			isa = PBXGroup;
			children = (
				A4FB69122086718200E31339 /* Deprecator */,
				A4FB691D2086718200E31339 /* DeprecatorTests */,
				A4FB69112086718200E31339 /* Products */,
			);
			sourceTree = "<group>";
		};
		A4FB69112086718200E31339 /* Products */ = {
			isa = PBXGroup;
			children = (
				A4FB69102086718200E31339 /* Deprecator.framework */,
				A4FB69192086718200E31339 /* DeprecatorTests.xctest */,
			);
			name = Products;
			sourceTree = "<group>";
		};
		A4FB69122086718200E31339 /* Deprecator */ = {
			isa = PBXGroup;
			children = (
				A4395AA020867281008FCA27 /* Source */,
				A4395AA120867287008FCA27 /* Supporting Files */,
			);
			path = Deprecator;
			sourceTree = "<group>";
		};
		A4FB691D2086718200E31339 /* DeprecatorTests */ = {
			isa = PBXGroup;
			children = (
				A4395AA2208672A9008FCA27 /* Source */,
				A4395AA3208672AD008FCA27 /* Supporting Files */,
			);
			path = DeprecatorTests;
			sourceTree = "<group>";
		};
/* End PBXGroup section */

/* Begin PBXHeadersBuildPhase section */
		A4FB690D2086718200E31339 /* Headers */ = {
			isa = PBXHeadersBuildPhase;
			buildActionMask = 2147483647;
			files = (
				A4FB69212086718200E31339 /* Deprecator.h in Headers */,
			);
			runOnlyForDeploymentPostprocessing = 0;
		};
/* End PBXHeadersBuildPhase section */

/* Begin PBXNativeTarget section */
		A4FB690F2086718200E31339 /* Deprecator */ = {
			isa = PBXNativeTarget;
			buildConfigurationList = A4FB69242086718200E31339 /* Build configuration list for PBXNativeTarget "Deprecator" */;
			buildPhases = (
				A4FB690B2086718200E31339 /* Sources */,
				A4FB690C2086718200E31339 /* Frameworks */,
				A4FB690D2086718200E31339 /* Headers */,
				A4FB690E2086718200E31339 /* Resources */,
			);
			buildRules = (
			);
			dependencies = (
			);
			name = Deprecator;
			productName = Deprecator;
			productReference = A4FB69102086718200E31339 /* Deprecator.framework */;
			productType = "com.apple.product-type.framework";
		};
		A4FB69182086718200E31339 /* DeprecatorTests */ = {
			isa = PBXNativeTarget;
			buildConfigurationList = A4FB69272086718200E31339 /* Build configuration list for PBXNativeTarget "DeprecatorTests" */;
			buildPhases = (
				A4FB69152086718200E31339 /* Sources */,
				A4FB69162086718200E31339 /* Frameworks */,
				A4FB69172086718200E31339 /* Resources */,
			);
			buildRules = (
			);
			dependencies = (
				A4FB691C2086718200E31339 /* PBXTargetDependency */,
			);
			name = DeprecatorTests;
			productName = DeprecatorTests;
			productReference = A4FB69192086718200E31339 /* DeprecatorTests.xctest */;
			productType = "com.apple.product-type.bundle.unit-test";
		};
/* End PBXNativeTarget section */

/* Begin PBXProject section */
		A4FB69072086718200E31339 /* Project object */ = {
			isa = PBXProject;
			attributes = {
				LastSwiftUpdateCheck = 0930;
				LastUpgradeCheck = 0930;
				ORGANIZATIONNAME = "Red Davis";
				TargetAttributes = {
					A4FB690F2086718200E31339 = {
						CreatedOnToolsVersion = 9.3;
						LastSwiftMigration = 0930;
					};
					A4FB69182086718200E31339 = {
						CreatedOnToolsVersion = 9.3;
					};
				};
			};
			buildConfigurationList = A4FB690A2086718200E31339 /* Build configuration list for PBXProject "Deprecator" */;
			compatibilityVersion = "Xcode 9.3";
			developmentRegion = en;
			hasScannedForEncodings = 0;
			knownRegions = (
				en,
			);
			mainGroup = A4FB69062086718200E31339;
			productRefGroup = A4FB69112086718200E31339 /* Products */;
			projectDirPath = "";
			projectRoot = "";
			targets = (
				A4FB690F2086718200E31339 /* Deprecator */,
				A4FB69182086718200E31339 /* DeprecatorTests */,
			);
		};
/* End PBXProject section */

/* Begin PBXResourcesBuildPhase section */
		A4FB690E2086718200E31339 /* Resources */ = {
			isa = PBXResourcesBuildPhase;
			buildActionMask = 2147483647;
			files = (
			);
			runOnlyForDeploymentPostprocessing = 0;
		};
		A4FB69172086718200E31339 /* Resources */ = {
			isa = PBXResourcesBuildPhase;
			buildActionMask = 2147483647;
			files = (
				A4395AB4208772F8008FCA27 /* example1.json in Resources */,
			);
			runOnlyForDeploymentPostprocessing = 0;
		};
/* End PBXResourcesBuildPhase section */

/* Begin PBXSourcesBuildPhase section */
		A4FB690B2086718200E31339 /* Sources */ = {
			isa = PBXSourcesBuildPhase;
			buildActionMask = 2147483647;
			files = (
				A4395AA920867569008FCA27 /* Deprecator.swift in Sources */,
				A4395AAA20867569008FCA27 /* Deprecation.swift in Sources */,
				A4395AAD20875041008FCA27 /* Deprecations.swift in Sources */,
				A4395AA820867569008FCA27 /* Error.swift in Sources */,
				A4395AAF2087519B008FCA27 /* LanguageStrings.swift in Sources */,
			);
			runOnlyForDeploymentPostprocessing = 0;
		};
		A4FB69152086718200E31339 /* Sources */ = {
			isa = PBXSourcesBuildPhase;
			buildActionMask = 2147483647;
			files = (
				A4395ABC20877748008FCA27 /* XCTest+Helpers.swift in Sources */,
				A4395AB7208775DE008FCA27 /* MockSession.swift in Sources */,
				A4395ABB20877748008FCA27 /* XCTestCase+Extensions.swift in Sources */,
				A4FB691F2086718200E31339 /* DeprecatorTests.swift in Sources */,
			);
			runOnlyForDeploymentPostprocessing = 0;
		};
/* End PBXSourcesBuildPhase section */

/* Begin PBXTargetDependency section */
		A4FB691C2086718200E31339 /* PBXTargetDependency */ = {
			isa = PBXTargetDependency;
			target = A4FB690F2086718200E31339 /* Deprecator */;
			targetProxy = A4FB691B2086718200E31339 /* PBXContainerItemProxy */;
		};
/* End PBXTargetDependency section */

/* Begin XCBuildConfiguration section */
		A4FB69222086718200E31339 /* Debug */ = {
			isa = XCBuildConfiguration;
			buildSettings = {
				ALWAYS_SEARCH_USER_PATHS = NO;
				CLANG_ANALYZER_NONNULL = YES;
				CLANG_ANALYZER_NUMBER_OBJECT_CONVERSION = YES_AGGRESSIVE;
				CLANG_CXX_LANGUAGE_STANDARD = "gnu++14";
				CLANG_CXX_LIBRARY = "libc++";
				CLANG_ENABLE_MODULES = YES;
				CLANG_ENABLE_OBJC_ARC = YES;
				CLANG_ENABLE_OBJC_WEAK = YES;
				CLANG_WARN_BLOCK_CAPTURE_AUTORELEASING = YES;
				CLANG_WARN_BOOL_CONVERSION = YES;
				CLANG_WARN_COMMA = YES;
				CLANG_WARN_CONSTANT_CONVERSION = YES;
				CLANG_WARN_DEPRECATED_OBJC_IMPLEMENTATIONS = YES;
				CLANG_WARN_DIRECT_OBJC_ISA_USAGE = YES_ERROR;
				CLANG_WARN_DOCUMENTATION_COMMENTS = YES;
				CLANG_WARN_EMPTY_BODY = YES;
				CLANG_WARN_ENUM_CONVERSION = YES;
				CLANG_WARN_INFINITE_RECURSION = YES;
				CLANG_WARN_INT_CONVERSION = YES;
				CLANG_WARN_NON_LITERAL_NULL_CONVERSION = YES;
				CLANG_WARN_OBJC_IMPLICIT_RETAIN_SELF = YES;
				CLANG_WARN_OBJC_LITERAL_CONVERSION = YES;
				CLANG_WARN_OBJC_ROOT_CLASS = YES_ERROR;
				CLANG_WARN_RANGE_LOOP_ANALYSIS = YES;
				CLANG_WARN_STRICT_PROTOTYPES = YES;
				CLANG_WARN_SUSPICIOUS_MOVE = YES;
				CLANG_WARN_UNGUARDED_AVAILABILITY = YES_AGGRESSIVE;
				CLANG_WARN_UNREACHABLE_CODE = YES;
				CLANG_WARN__DUPLICATE_METHOD_MATCH = YES;
				CODE_SIGN_IDENTITY = "iPhone Developer";
				COPY_PHASE_STRIP = NO;
				CURRENT_PROJECT_VERSION = 1;
				DEBUG_INFORMATION_FORMAT = dwarf;
				ENABLE_STRICT_OBJC_MSGSEND = YES;
				ENABLE_TESTABILITY = YES;
				GCC_C_LANGUAGE_STANDARD = gnu11;
				GCC_DYNAMIC_NO_PIC = NO;
				GCC_NO_COMMON_BLOCKS = YES;
				GCC_OPTIMIZATION_LEVEL = 0;
				GCC_PREPROCESSOR_DEFINITIONS = (
					"DEBUG=1",
					"$(inherited)",
				);
				GCC_WARN_64_TO_32_BIT_CONVERSION = YES;
				GCC_WARN_ABOUT_RETURN_TYPE = YES_ERROR;
				GCC_WARN_UNDECLARED_SELECTOR = YES;
				GCC_WARN_UNINITIALIZED_AUTOS = YES_AGGRESSIVE;
				GCC_WARN_UNUSED_FUNCTION = YES;
				GCC_WARN_UNUSED_VARIABLE = YES;
				IPHONEOS_DEPLOYMENT_TARGET = 11.3;
				MTL_ENABLE_DEBUG_INFO = YES;
				ONLY_ACTIVE_ARCH = YES;
				SDKROOT = iphoneos;
				SWIFT_ACTIVE_COMPILATION_CONDITIONS = DEBUG;
				SWIFT_OPTIMIZATION_LEVEL = "-Onone";
				VERSIONING_SYSTEM = "apple-generic";
				VERSION_INFO_PREFIX = "";
			};
			name = Debug;
		};
		A4FB69232086718200E31339 /* Release */ = {
			isa = XCBuildConfiguration;
			buildSettings = {
				ALWAYS_SEARCH_USER_PATHS = NO;
				CLANG_ANALYZER_NONNULL = YES;
				CLANG_ANALYZER_NUMBER_OBJECT_CONVERSION = YES_AGGRESSIVE;
				CLANG_CXX_LANGUAGE_STANDARD = "gnu++14";
				CLANG_CXX_LIBRARY = "libc++";
				CLANG_ENABLE_MODULES = YES;
				CLANG_ENABLE_OBJC_ARC = YES;
				CLANG_ENABLE_OBJC_WEAK = YES;
				CLANG_WARN_BLOCK_CAPTURE_AUTORELEASING = YES;
				CLANG_WARN_BOOL_CONVERSION = YES;
				CLANG_WARN_COMMA = YES;
				CLANG_WARN_CONSTANT_CONVERSION = YES;
				CLANG_WARN_DEPRECATED_OBJC_IMPLEMENTATIONS = YES;
				CLANG_WARN_DIRECT_OBJC_ISA_USAGE = YES_ERROR;
				CLANG_WARN_DOCUMENTATION_COMMENTS = YES;
				CLANG_WARN_EMPTY_BODY = YES;
				CLANG_WARN_ENUM_CONVERSION = YES;
				CLANG_WARN_INFINITE_RECURSION = YES;
				CLANG_WARN_INT_CONVERSION = YES;
				CLANG_WARN_NON_LITERAL_NULL_CONVERSION = YES;
				CLANG_WARN_OBJC_IMPLICIT_RETAIN_SELF = YES;
				CLANG_WARN_OBJC_LITERAL_CONVERSION = YES;
				CLANG_WARN_OBJC_ROOT_CLASS = YES_ERROR;
				CLANG_WARN_RANGE_LOOP_ANALYSIS = YES;
				CLANG_WARN_STRICT_PROTOTYPES = YES;
				CLANG_WARN_SUSPICIOUS_MOVE = YES;
				CLANG_WARN_UNGUARDED_AVAILABILITY = YES_AGGRESSIVE;
				CLANG_WARN_UNREACHABLE_CODE = YES;
				CLANG_WARN__DUPLICATE_METHOD_MATCH = YES;
				CODE_SIGN_IDENTITY = "iPhone Developer";
				COPY_PHASE_STRIP = NO;
				CURRENT_PROJECT_VERSION = 1;
				DEBUG_INFORMATION_FORMAT = "dwarf-with-dsym";
				ENABLE_NS_ASSERTIONS = NO;
				ENABLE_STRICT_OBJC_MSGSEND = YES;
				GCC_C_LANGUAGE_STANDARD = gnu11;
				GCC_NO_COMMON_BLOCKS = YES;
				GCC_WARN_64_TO_32_BIT_CONVERSION = YES;
				GCC_WARN_ABOUT_RETURN_TYPE = YES_ERROR;
				GCC_WARN_UNDECLARED_SELECTOR = YES;
				GCC_WARN_UNINITIALIZED_AUTOS = YES_AGGRESSIVE;
				GCC_WARN_UNUSED_FUNCTION = YES;
				GCC_WARN_UNUSED_VARIABLE = YES;
				IPHONEOS_DEPLOYMENT_TARGET = 11.3;
				MTL_ENABLE_DEBUG_INFO = NO;
				SDKROOT = iphoneos;
				SWIFT_COMPILATION_MODE = wholemodule;
				SWIFT_OPTIMIZATION_LEVEL = "-O";
				VALIDATE_PRODUCT = YES;
				VERSIONING_SYSTEM = "apple-generic";
				VERSION_INFO_PREFIX = "";
			};
			name = Release;
		};
		A4FB69252086718200E31339 /* Debug */ = {
			isa = XCBuildConfiguration;
			buildSettings = {
				CLANG_ENABLE_MODULES = YES;
				CODE_SIGN_IDENTITY = "";
				CODE_SIGN_STYLE = Automatic;
				DEFINES_MODULE = YES;
				DEVELOPMENT_TEAM = CF43K35J9C;
				DYLIB_COMPATIBILITY_VERSION = 1;
				DYLIB_CURRENT_VERSION = 1;
				DYLIB_INSTALL_NAME_BASE = "@rpath";
				INFOPLIST_FILE = "$(SRCROOT)/Deprecator/Supporting Files/Info.plist";
				INSTALL_PATH = "$(LOCAL_LIBRARY_DIR)/Frameworks";
				LD_RUNPATH_SEARCH_PATHS = (
					"$(inherited)",
					"@executable_path/Frameworks",
					"@loader_path/Frameworks",
				);
				PRODUCT_BUNDLE_IDENTIFIER = com.reddavis.Deprecator;
				PRODUCT_NAME = "$(TARGET_NAME:c99extidentifier)";
				SKIP_INSTALL = YES;
				SWIFT_OPTIMIZATION_LEVEL = "-Onone";
				SWIFT_VERSION = 4.0;
				TARGETED_DEVICE_FAMILY = "1,2";
			};
			name = Debug;
		};
		A4FB69262086718200E31339 /* Release */ = {
			isa = XCBuildConfiguration;
			buildSettings = {
				CLANG_ENABLE_MODULES = YES;
				CODE_SIGN_IDENTITY = "";
				CODE_SIGN_STYLE = Automatic;
				DEFINES_MODULE = YES;
				DEVELOPMENT_TEAM = CF43K35J9C;
				DYLIB_COMPATIBILITY_VERSION = 1;
				DYLIB_CURRENT_VERSION = 1;
				DYLIB_INSTALL_NAME_BASE = "@rpath";
				INFOPLIST_FILE = "$(SRCROOT)/Deprecator/Supporting Files/Info.plist";
				INSTALL_PATH = "$(LOCAL_LIBRARY_DIR)/Frameworks";
				LD_RUNPATH_SEARCH_PATHS = (
					"$(inherited)",
					"@executable_path/Frameworks",
					"@loader_path/Frameworks",
				);
				PRODUCT_BUNDLE_IDENTIFIER = com.reddavis.Deprecator;
				PRODUCT_NAME = "$(TARGET_NAME:c99extidentifier)";
				SKIP_INSTALL = YES;
				SWIFT_VERSION = 4.0;
				TARGETED_DEVICE_FAMILY = "1,2";
			};
			name = Release;
		};
		A4FB69282086718200E31339 /* Debug */ = {
			isa = XCBuildConfiguration;
			buildSettings = {
				ALWAYS_EMBED_SWIFT_STANDARD_LIBRARIES = YES;
				CODE_SIGN_STYLE = Automatic;
				DEVELOPMENT_TEAM = CF43K35J9C;
				INFOPLIST_FILE = "DeprecatorTests/Supporting Files/Info.plist";
				LD_RUNPATH_SEARCH_PATHS = (
					"$(inherited)",
					"@executable_path/Frameworks",
					"@loader_path/Frameworks",
				);
				PRODUCT_BUNDLE_IDENTIFIER = com.reddavis.DeprecatorTests;
				PRODUCT_NAME = "$(TARGET_NAME)";
				SWIFT_VERSION = 4.0;
				TARGETED_DEVICE_FAMILY = "1,2";
			};
			name = Debug;
		};
		A4FB69292086718200E31339 /* Release */ = {
			isa = XCBuildConfiguration;
			buildSettings = {
				ALWAYS_EMBED_SWIFT_STANDARD_LIBRARIES = YES;
				CODE_SIGN_STYLE = Automatic;
				DEVELOPMENT_TEAM = CF43K35J9C;
				INFOPLIST_FILE = "DeprecatorTests/Supporting Files/Info.plist";
				LD_RUNPATH_SEARCH_PATHS = (
					"$(inherited)",
					"@executable_path/Frameworks",
					"@loader_path/Frameworks",
				);
				PRODUCT_BUNDLE_IDENTIFIER = com.reddavis.DeprecatorTests;
				PRODUCT_NAME = "$(TARGET_NAME)";
				SWIFT_VERSION = 4.0;
				TARGETED_DEVICE_FAMILY = "1,2";
			};
			name = Release;
		};
/* End XCBuildConfiguration section */

/* Begin XCConfigurationList section */
		A4FB690A2086718200E31339 /* Build configuration list for PBXProject "Deprecator" */ = {
			isa = XCConfigurationList;
			buildConfigurations = (
				A4FB69222086718200E31339 /* Debug */,
				A4FB69232086718200E31339 /* Release */,
			);
			defaultConfigurationIsVisible = 0;
			defaultConfigurationName = Release;
		};
		A4FB69242086718200E31339 /* Build configuration list for PBXNativeTarget "Deprecator" */ = {
			isa = XCConfigurationList;
			buildConfigurations = (
				A4FB69252086718200E31339 /* Debug */,
				A4FB69262086718200E31339 /* Release */,
			);
			defaultConfigurationIsVisible = 0;
			defaultConfigurationName = Release;
		};
		A4FB69272086718200E31339 /* Build configuration list for PBXNativeTarget "DeprecatorTests" */ = {
			isa = XCConfigurationList;
			buildConfigurations = (
				A4FB69282086718200E31339 /* Debug */,
				A4FB69292086718200E31339 /* Release */,
			);
			defaultConfigurationIsVisible = 0;
			defaultConfigurationName = Release;
		};
/* End XCConfigurationList section */
	};
	rootObject = A4FB69072086718200E31339 /* Project object */;
}
