// !$*UTF8*$!
{
	archiveVersion = 1;
	classes = {
	};
	objectVersion = 46;
	objects = {

/* Begin PBXBuildFile section */
		A422FAD61D33A0440001ABA9 /* AppDelegate.swift in Sources */ = {isa = PBXBuildFile; fileRef = A422FAD51D33A0440001ABA9 /* AppDelegate.swift */; };
		A422FAD81D33A0440001ABA9 /* ViewController.swift in Sources */ = {isa = PBXBuildFile; fileRef = A422FAD71D33A0440001ABA9 /* ViewController.swift */; };
		A422FADB1D33A0440001ABA9 /* Main.storyboard in Resources */ = {isa = PBXBuildFile; fileRef = A422FAD91D33A0440001ABA9 /* Main.storyboard */; };
		A422FADD1D33A0440001ABA9 /* Assets.xcassets in Resources */ = {isa = PBXBuildFile; fileRef = A422FADC1D33A0440001ABA9 /* Assets.xcassets */; };
		A422FAE01D33A0440001ABA9 /* LaunchScreen.storyboard in Resources */ = {isa = PBXBuildFile; fileRef = A422FADE1D33A0440001ABA9 /* LaunchScreen.storyboard */; };
		A422FAE81D33A14F0001ABA9 /* Deprecator.framework in Frameworks */ = {isa = PBXBuildFile; fileRef = A422FAE71D33A14F0001ABA9 /* Deprecator.framework */; };
/* End PBXBuildFile section */

/* Begin PBXFileReference section */
		A422FAD21D33A0440001ABA9 /* DeprecatorDemo.app */ = {isa = PBXFileReference; explicitFileType = wrapper.application; includeInIndex = 0; path = DeprecatorDemo.app; sourceTree = BUILT_PRODUCTS_DIR; };
		A422FAD51D33A0440001ABA9 /* AppDelegate.swift */ = {isa = PBXFileReference; lastKnownFileType = sourcecode.swift; path = AppDelegate.swift; sourceTree = "<group>"; };
		A422FAD71D33A0440001ABA9 /* ViewController.swift */ = {isa = PBXFileReference; lastKnownFileType = sourcecode.swift; path = ViewController.swift; sourceTree = "<group>"; };
		A422FADA1D33A0440001ABA9 /* Base */ = {isa = PBXFileReference; lastKnownFileType = file.storyboard; name = Base; path = Base.lproj/Main.storyboard; sourceTree = "<group>"; };
		A422FADC1D33A0440001ABA9 /* Assets.xcassets */ = {isa = PBXFileReference; lastKnownFileType = folder.assetcatalog; path = Assets.xcassets; sourceTree = "<group>"; };
		A422FADF1D33A0440001ABA9 /* Base */ = {isa = PBXFileReference; lastKnownFileType = file.storyboard; name = Base; path = Base.lproj/LaunchScreen.storyboard; sourceTree = "<group>"; };
		A422FAE11D33A0440001ABA9 /* Info.plist */ = {isa = PBXFileReference; lastKnownFileType = text.plist.xml; path = Info.plist; sourceTree = "<group>"; };
		A422FAE71D33A14F0001ABA9 /* Deprecator.framework */ = {isa = PBXFileReference; lastKnownFileType = wrapper.framework; name = Deprecator.framework; path = "../../../../Library/Developer/Xcode/DerivedData/Deprecator-cfkfpthmrlyuskgyfbzsukzqujpe/Build/Products/Debug-iphonesimulator/Deprecator.framework"; sourceTree = "<group>"; };
/* End PBXFileReference section */

/* Begin PBXFrameworksBuildPhase section */
		A422FACF1D33A0440001ABA9 /* Frameworks */ = {
			isa = PBXFrameworksBuildPhase;
			buildActionMask = 2147483647;
			files = (
				A422FAE81D33A14F0001ABA9 /* Deprecator.framework in Frameworks */,
			);
			runOnlyForDeploymentPostprocessing = 0;
		};
/* End PBXFrameworksBuildPhase section */

/* Begin PBXGroup section */
		A422FAC91D33A0440001ABA9 = {
			isa = PBXGroup;
			children = (
				A422FAE71D33A14F0001ABA9 /* Deprecator.framework */,
				A422FAD41D33A0440001ABA9 /* DeprecatorDemo */,
				A422FAD31D33A0440001ABA9 /* Products */,
			);
			sourceTree = "<group>";
		};
		A422FAD31D33A0440001ABA9 /* Products */ = {
			isa = PBXGroup;
			children = (
				A422FAD21D33A0440001ABA9 /* DeprecatorDemo.app */,
			);
			name = Products;
			sourceTree = "<group>";
		};
		A422FAD41D33A0440001ABA9 /* DeprecatorDemo */ = {
			isa = PBXGroup;
			children = (
				A422FAD51D33A0440001ABA9 /* AppDelegate.swift */,
				A422FAD71D33A0440001ABA9 /* ViewController.swift */,
				A422FAD91D33A0440001ABA9 /* Main.storyboard */,
				A422FADC1D33A0440001ABA9 /* Assets.xcassets */,
				A422FADE1D33A0440001ABA9 /* LaunchScreen.storyboard */,
				A422FAE11D33A0440001ABA9 /* Info.plist */,
			);
			path = DeprecatorDemo;
			sourceTree = "<group>";
		};
/* End PBXGroup section */

/* Begin PBXNativeTarget section */
		A422FAD11D33A0440001ABA9 /* DeprecatorDemo */ = {
			isa = PBXNativeTarget;
			buildConfigurationList = A422FAE41D33A0440001ABA9 /* Build configuration list for PBXNativeTarget "DeprecatorDemo" */;
			buildPhases = (
				A422FACE1D33A0440001ABA9 /* Sources */,
				A422FACF1D33A0440001ABA9 /* Frameworks */,
				A422FAD01D33A0440001ABA9 /* Resources */,
			);
			buildRules = (
			);
			dependencies = (
			);
			name = DeprecatorDemo;
			productName = DeprecatorDemo;
			productReference = A422FAD21D33A0440001ABA9 /* DeprecatorDemo.app */;
			productType = "com.apple.product-type.application";
		};
/* End PBXNativeTarget section */

/* Begin PBXProject section */
		A422FACA1D33A0440001ABA9 /* Project object */ = {
			isa = PBXProject;
			attributes = {
				LastSwiftUpdateCheck = 0730;
				LastUpgradeCheck = 0730;
				ORGANIZATIONNAME = Togethera;
				TargetAttributes = {
					A422FAD11D33A0440001ABA9 = {
						CreatedOnToolsVersion = 7.3.1;
					};
				};
			};
			buildConfigurationList = A422FACD1D33A0440001ABA9 /* Build configuration list for PBXProject "DeprecatorDemo" */;
			compatibilityVersion = "Xcode 3.2";
			developmentRegion = English;
			hasScannedForEncodings = 0;
			knownRegions = (
				en,
				Base,
			);
			mainGroup = A422FAC91D33A0440001ABA9;
			productRefGroup = A422FAD31D33A0440001ABA9 /* Products */;
			projectDirPath = "";
			projectRoot = "";
			targets = (
				A422FAD11D33A0440001ABA9 /* DeprecatorDemo */,
			);
		};
/* End PBXProject section */

/* Begin PBXResourcesBuildPhase section */
		A422FAD01D33A0440001ABA9 /* Resources */ = {
			isa = PBXResourcesBuildPhase;
			buildActionMask = 2147483647;
			files = (
				A422FAE01D33A0440001ABA9 /* LaunchScreen.storyboard in Resources */,
				A422FADD1D33A0440001ABA9 /* Assets.xcassets in Resources */,
				A422FADB1D33A0440001ABA9 /* Main.storyboard in Resources */,
			);
			runOnlyForDeploymentPostprocessing = 0;
		};
/* End PBXResourcesBuildPhase section */

/* Begin PBXSourcesBuildPhase section */
		A422FACE1D33A0440001ABA9 /* Sources */ = {
			isa = PBXSourcesBuildPhase;
			buildActionMask = 2147483647;
			files = (
				A422FAD81D33A0440001ABA9 /* ViewController.swift in Sources */,
				A422FAD61D33A0440001ABA9 /* AppDelegate.swift in Sources */,
			);
			runOnlyForDeploymentPostprocessing = 0;
		};
/* End PBXSourcesBuildPhase section */

/* Begin PBXVariantGroup section */
		A422FAD91D33A0440001ABA9 /* Main.storyboard */ = {
			isa = PBXVariantGroup;
			children = (
				A422FADA1D33A0440001ABA9 /* Base */,
			);
			name = Main.storyboard;
			sourceTree = "<group>";
		};
		A422FADE1D33A0440001ABA9 /* LaunchScreen.storyboard */ = {
			isa = PBXVariantGroup;
			children = (
				A422FADF1D33A0440001ABA9 /* Base */,
			);
			name = LaunchScreen.storyboard;
			sourceTree = "<group>";
		};
/* End PBXVariantGroup section */

/* Begin XCBuildConfiguration section */
		A422FAE21D33A0440001ABA9 /* Debug */ = {
			isa = XCBuildConfiguration;
			buildSettings = {
				ALWAYS_SEARCH_USER_PATHS = NO;
				CLANG_ANALYZER_NONNULL = YES;
				CLANG_CXX_LANGUAGE_STANDARD = "gnu++0x";
				CLANG_CXX_LIBRARY = "libc++";
				CLANG_ENABLE_MODULES = YES;
				CLANG_ENABLE_OBJC_ARC = YES;
				CLANG_WARN_BOOL_CONVERSION = YES;
				CLANG_WARN_CONSTANT_CONVERSION = YES;
				CLANG_WARN_DIRECT_OBJC_ISA_USAGE = YES_ERROR;
				CLANG_WARN_EMPTY_BODY = YES;
				CLANG_WARN_ENUM_CONVERSION = YES;
				CLANG_WARN_INT_CONVERSION = YES;
				CLANG_WARN_OBJC_ROOT_CLASS = YES_ERROR;
				CLANG_WARN_UNREACHABLE_CODE = YES;
				CLANG_WARN__DUPLICATE_METHOD_MATCH = YES;
				"CODE_SIGN_IDENTITY[sdk=iphoneos*]" = "iPhone Developer";
				COPY_PHASE_STRIP = NO;
				DEBUG_INFORMATION_FORMAT = dwarf;
				ENABLE_STRICT_OBJC_MSGSEND = YES;
				ENABLE_TESTABILITY = YES;
				GCC_C_LANGUAGE_STANDARD = gnu99;
				GCC_DYNAMIC_NO_PIC = NO;
				GCC_NO_COMMON_BLOCKS = YES;
				GCC_OPTIMIZATION_LEVEL = 0;
				GCC_PREPROCESSOR_DEFINITIONS = (
					"DEBUG=1",
					"$(inherited)",
				);
				GCC_WARN_64_TO_32_BIT_CONVERSION = YES;
				GCC_WARN_ABOUT_RETURN_TYPE = YES_ERROR;
				GCC_WARN_UNDECLARED_SELECTOR = YES;
				GCC_WARN_UNINITIALIZED_AUTOS = YES_AGGRESSIVE;
				GCC_WARN_UNUSED_FUNCTION = YES;
				GCC_WARN_UNUSED_VARIABLE = YES;
				IPHONEOS_DEPLOYMENT_TARGET = 10.0;
				MTL_ENABLE_DEBUG_INFO = YES;
				ONLY_ACTIVE_ARCH = YES;
				SDKROOT = iphoneos;
				SWIFT_OPTIMIZATION_LEVEL = "-Onone";
			};
			name = Debug;
		};
		A422FAE31D33A0440001ABA9 /* Release */ = {
			isa = XCBuildConfiguration;
			buildSettings = {
				ALWAYS_SEARCH_USER_PATHS = NO;
				CLANG_ANALYZER_NONNULL = YES;
				CLANG_CXX_LANGUAGE_STANDARD = "gnu++0x";
				CLANG_CXX_LIBRARY = "libc++";
				CLANG_ENABLE_MODULES = YES;
				CLANG_ENABLE_OBJC_ARC = YES;
				CLANG_WARN_BOOL_CONVERSION = YES;
				CLANG_WARN_CONSTANT_CONVERSION = YES;
				CLANG_WARN_DIRECT_OBJC_ISA_USAGE = YES_ERROR;
				CLANG_WARN_EMPTY_BODY = YES;
				CLANG_WARN_ENUM_CONVERSION = YES;
				CLANG_WARN_INT_CONVERSION = YES;
				CLANG_WARN_OBJC_ROOT_CLASS = YES_ERROR;
				CLANG_WARN_UNREACHABLE_CODE = YES;
				CLANG_WARN__DUPLICATE_METHOD_MATCH = YES;
				"CODE_SIGN_IDENTITY[sdk=iphoneos*]" = "iPhone Developer";
				COPY_PHASE_STRIP = NO;
				DEBUG_INFORMATION_FORMAT = "dwarf-with-dsym";
				ENABLE_NS_ASSERTIONS = NO;
				ENABLE_STRICT_OBJC_MSGSEND = YES;
				GCC_C_LANGUAGE_STANDARD = gnu99;
				GCC_NO_COMMON_BLOCKS = YES;
				GCC_WARN_64_TO_32_BIT_CONVERSION = YES;
				GCC_WARN_ABOUT_RETURN_TYPE = YES_ERROR;
				GCC_WARN_UNDECLARED_SELECTOR = YES;
				GCC_WARN_UNINITIALIZED_AUTOS = YES_AGGRESSIVE;
				GCC_WARN_UNUSED_FUNCTION = YES;
				GCC_WARN_UNUSED_VARIABLE = YES;
				IPHONEOS_DEPLOYMENT_TARGET = 10.0;
				MTL_ENABLE_DEBUG_INFO = NO;
				SDKROOT = iphoneos;
				VALIDATE_PRODUCT = YES;
			};
			name = Release;
		};
		A422FAE51D33A0440001ABA9 /* Debug */ = {
			isa = XCBuildConfiguration;
			buildSettings = {
				ASSETCATALOG_COMPILER_APPICON_NAME = AppIcon;
				INFOPLIST_FILE = DeprecatorDemo/Info.plist;
				IPHONEOS_DEPLOYMENT_TARGET = 10.0;
				LD_RUNPATH_SEARCH_PATHS = "$(inherited) @executable_path/Frameworks";
				PRODUCT_BUNDLE_IDENTIFIER = com.deprecator.DeprecatorDemo;
				PRODUCT_NAME = "$(TARGET_NAME)";
			};
			name = Debug;
		};
		A422FAE61D33A0440001ABA9 /* Release */ = {
			isa = XCBuildConfiguration;
			buildSettings = {
				ASSETCATALOG_COMPILER_APPICON_NAME = AppIcon;
				INFOPLIST_FILE = DeprecatorDemo/Info.plist;
				IPHONEOS_DEPLOYMENT_TARGET = 10.0;
				LD_RUNPATH_SEARCH_PATHS = "$(inherited) @executable_path/Frameworks";
				PRODUCT_BUNDLE_IDENTIFIER = com.deprecator.DeprecatorDemo;
				PRODUCT_NAME = "$(TARGET_NAME)";
			};
			name = Release;
		};
/* End XCBuildConfiguration section */

/* Begin XCConfigurationList section */
		A422FACD1D33A0440001ABA9 /* Build configuration list for PBXProject "DeprecatorDemo" */ = {
			isa = XCConfigurationList;
			buildConfigurations = (
				A422FAE21D33A0440001ABA9 /* Debug */,
				A422FAE31D33A0440001ABA9 /* Release */,
			);
			defaultConfigurationIsVisible = 0;
			defaultConfigurationName = Release;
		};
		A422FAE41D33A0440001ABA9 /* Build configuration list for PBXNativeTarget "DeprecatorDemo" */ = {
			isa = XCConfigurationList;
			buildConfigurations = (
				A422FAE51D33A0440001ABA9 /* Debug */,
				A422FAE61D33A0440001ABA9 /* Release */,
			);
			defaultConfigurationIsVisible = 0;
			defaultConfigurationName = Release;
		};
/* End XCConfigurationList section */
	};
	rootObject = A422FACA1D33A0440001ABA9 /* Project object */;
}
